
Microsoft Visual Studio Solution File, Format Version 12.00
# Visual Studio Version 16
VisualStudioVersion = 16.0.30204.135
MinimumVisualStudioVersion = 10.0.40219.1
Project("{FAE04EC0-301F-11D3-BF4B-00C04F79EFBC}") = "ConsoleApp1", "ConsoleApp1\ConsoleApp1.csproj", "{F1796BE7-B017-4BAC-B217-EDC6729B5913}"
EndProject
Global
	GlobalSection(SolutionConfigurationPlatforms) = preSolution
		Debug|Any CPU = Debug|Any CPU
		Release|Any CPU = Release|Any CPU
	EndGlobalSection
	GlobalSection(ProjectConfigurationPlatforms) = postSolution
		{F1796BE7-B017-4BAC-B217-EDC6729B5913}.Debug|Any CPU.ActiveCfg = Debug|Any CPU
		{F1796BE7-B017-4BAC-B217-EDC6729B5913}.Debug|Any CPU.Build.0 = Debug|Any CPU
		{F1796BE7-B017-4BAC-B217-EDC6729B5913}.Release|Any CPU.ActiveCfg = Release|Any CPU
		{F1796BE7-B017-4BAC-B217-EDC6729B5913}.Release|Any CPU.Build.0 = Release|Any CPU
	EndGlobalSection
	GlobalSection(SolutionProperties) = preSolution
		HideSolutionNode = FALSE
	EndGlobalSection
	GlobalSection(ExtensibilityGlobals) = postSolution
		SolutionGuid = {684092B6-9BED-4C54-BFE8-FA4727CF8D9B}
	EndGlobalSection
EndGlobal
